
Microsoft Visual Studio Solution File, Format Version 12.00
# Visual Studio Version 17
VisualStudioVersion = 17.14.36616.10 d17.14
MinimumVisualStudioVersion = 10.0.40219.1
Project("{FAE04EC0-301F-11D3-BF4B-00C04F79EFBC}") = "ILMOrderScrubTool.Web", "ILMOrderScrubTool.Web.csproj", "{82760389-4FF6-5209-3BFE-584B8F96B470}"
EndProject
Global
	GlobalSection(SolutionConfigurationPlatforms) = preSolution
		Debug|Any CPU = Debug|Any CPU
		Release|Any CPU = Release|Any CPU
	EndGlobalSection
	GlobalSection(ProjectConfigurationPlatforms) = postSolution
		{82760389-4FF6-5209-3BFE-584B8F96B470}.Debug|Any CPU.ActiveCfg = Debug|Any CPU
		{82760389-4FF6-5209-3BFE-584B8F96B470}.Debug|Any CPU.Build.0 = Debug|Any CPU
		{82760389-4FF6-5209-3BFE-584B8F96B470}.Release|Any CPU.ActiveCfg = Release|Any CPU
		{82760389-4FF6-5209-3BFE-584B8F96B470}.Release|Any CPU.Build.0 = Release|Any CPU
	EndGlobalSection
	GlobalSection(SolutionProperties) = preSolution
		HideSolutionNode = FALSE
	EndGlobalSection
	GlobalSection(ExtensibilityGlobals) = postSolution
		SolutionGuid = {0CC9ACAB-3DBA-4CAB-9F63-4ABF3AF85779}
	EndGlobalSection
EndGlobal
